{
  "object": {
    "pins": [
      {
        "package": "AEPCore",
        "repositoryURL": "https://github.com/adobe/aepsdk-core-ios.git",
        "state": {
          "branch": null,
          "revision": "91aa40a7ebb805c5f525d68a435cb4334f58fa4a",
          "version": "3.5.0"
        }
      },
      {
        "package": "AEPRulesEngine",
        "repositoryURL": "https://github.com/adobe/aepsdk-rulesengine-ios.git",
        "state": {
          "branch": null,
          "revision": "8795703e92570d9744d7f39d59e2c6f44ecb3078",
          "version": "1.1.0"
        }
      }
    ]
  },
  "version": 1
}
