PODS:
  - AEPAssurance (3.1.2):
    - AEPCore (>= 3.9.0)
    - AEPServices (>= 3.9.0)
  - AEPCore (4.0.0):
    - AEPRulesEngine (>= 4.0.0)
    - AEPServices (>= 4.0.0)
  - AEPEdge (4.0.0):
    - AEPCore (>= 4.0.0)
    - AEPEdgeIdentity (>= 4.0.0)
  - AEPEdgeConsent (4.0.0):
    - AEPCore (>= 4.0.0)
    - AEPEdge (>= 4.0.0)
  - AEPEdgeIdentity (4.0.0):
    - AEPCore (>= 4.0.0)
  - AEPIdentity (4.0.0):
    - AEPCore (>= 4.0.0)
  - AEPRulesEngine (4.0.0)
  - AEPServices (4.0.0)
  - SwiftLint (0.52.0)

DEPENDENCIES:
  - AEPAssurance
  - AEPCore
  - AEPEdge (from `https://github.com/adobe/aepsdk-edge-ios.git`, branch `dev`)
  - AEPEdgeConsent (from `https://github.com/adobe/aepsdk-edgeconsent-ios.git`, branch `dev`)
  - AEPEdgeIdentity (from `./AEPEdgeIdentity.podspec`)
  - AEPIdentity
  - AEPServices
  - SwiftLint (= 0.52.0)

SPEC REPOS:
  trunk:
    - AEPAssurance
    - AEPCore
    - AEPIdentity
    - AEPRulesEngine
    - AEPServices
    - SwiftLint

EXTERNAL SOURCES:
  AEPEdge:
    :branch: dev
    :git: https://github.com/adobe/aepsdk-edge-ios.git
  AEPEdgeConsent:
    :branch: dev
    :git: https://github.com/adobe/aepsdk-edgeconsent-ios.git
  AEPEdgeIdentity:
    :path: "./AEPEdgeIdentity.podspec"

CHECKOUT OPTIONS:
  AEPEdge:
    :commit: 677f96c9c45d40fb79a9848c43974916309ccbd8
    :git: https://github.com/adobe/aepsdk-edge-ios.git
  AEPEdgeConsent:
    :commit: 1c49098a6cc465569c95753f2dd5c0fc2a6d96c5
    :git: https://github.com/adobe/aepsdk-edgeconsent-ios.git

SPEC CHECKSUMS:
  AEPAssurance: 694bc2bca10e15bd33542bb6ae4549abee46d85d
  AEPCore: dd7cd69696c768c610e6adc0307032985a381c7e
  AEPEdge: ffea1ada1e81c9cb239aac694efa5c8635b50c1f
  AEPEdgeConsent: 54c1b6a30a3d646e3d4bc4bae1713755422b471e
  AEPEdgeIdentity: c2396b9119abd6eb530ea11efc58ec019b163bd4
  AEPIdentity: 45ee1c3717e08ff3ca60930caf4a869d60d7bf08
  AEPRulesEngine: 458450a34922823286ead045a0c2bd8c27e224c6
  AEPServices: ca493988df250d84fda050124ff7549bcc43c65f
  SwiftLint: 13280e21cdda6786ad908dc6e416afe5acd1fcb7

PODFILE CHECKSUM: 47ee3d3c2a3171c96c423df5cc515035caf11fc9

COCOAPODS: 1.11.3
