PODS:
  - AEPAssurance (3.1.2):
    - AEPCore (>= 3.9.0)
    - AEPServices (>= 3.9.0)
  - AEPCore (4.0.0):
    - AEPRulesEngine (>= 2.0.0)
    - AEPServices (>= 4.0.0)
  - AEPEdge (4.0.0):
    - AEPCore (>= 4.0.0)
    - AEPEdgeIdentity (>= 4.0.0)
  - AEPEdgeConsent (4.0.0):
    - AEPCore (>= 4.0.0)
    - AEPEdge (>= 4.0.0)
  - AEPEdgeIdentity (4.0.0):
    - AEPCore (>= 4.0.0)
  - AEPIdentity (4.0.0):
    - AEPCore (>= 4.0.0)
  - AEPLifecycle (4.0.0):
    - AEPCore (>= 4.0.0)
  - AEPRulesEngine (4.0.0)
  - AEPServices (4.0.0)
  - AEPSignal (4.0.0):
    - AEPCore (>= 4.0.0)
  - SwiftLint (0.52.0)

DEPENDENCIES:
  - AEPAssurance
  - "AEPCore (from `git@github.com:adobe/aepsdk-core-ios.git`, branch `staging`)"
  - "AEPEdge (from `git@github.com:adobe/aepsdk-edge-ios.git`, branch `dev`)"
  - "AEPEdgeConsent (from `git@github.com:adobe/aepsdk-edgeconsent-ios.git`, branch `dev`)"
  - AEPEdgeIdentity (from `./AEPEdgeIdentity.podspec`)
  - "AEPIdentity (from `git@github.com:adobe/aepsdk-core-ios.git`, branch `staging`)"
  - "AEPLifecycle (from `git@github.com:adobe/aepsdk-core-ios.git`, branch `staging`)"
  - "AEPServices (from `git@github.com:adobe/aepsdk-core-ios.git`, branch `staging`)"
  - "AEPSignal (from `git@github.com:adobe/aepsdk-core-ios.git`, branch `staging`)"
  - SwiftLint (= 0.52.0)

SPEC REPOS:
  trunk:
    - AEPAssurance
    - AEPRulesEngine
    - SwiftLint

EXTERNAL SOURCES:
  AEPCore:
    :branch: staging
    :git: "git@github.com:adobe/aepsdk-core-ios.git"
  AEPEdge:
    :branch: dev
    :git: "git@github.com:adobe/aepsdk-edge-ios.git"
  AEPEdgeConsent:
    :branch: dev
    :git: "git@github.com:adobe/aepsdk-edgeconsent-ios.git"
  AEPEdgeIdentity:
    :path: "./AEPEdgeIdentity.podspec"
  AEPIdentity:
    :branch: staging
    :git: "git@github.com:adobe/aepsdk-core-ios.git"
  AEPLifecycle:
    :branch: staging
    :git: "git@github.com:adobe/aepsdk-core-ios.git"
  AEPServices:
    :branch: staging
    :git: "git@github.com:adobe/aepsdk-core-ios.git"
  AEPSignal:
    :branch: staging
    :git: "git@github.com:adobe/aepsdk-core-ios.git"

CHECKOUT OPTIONS:
  AEPCore:
    :commit: ee46ab5904b55578c978e3723f2d8b0d20f4961c
    :git: "git@github.com:adobe/aepsdk-core-ios.git"
  AEPEdge:
    :commit: 3a9d27323219d7c386104c4c556be9f578721371
    :git: "git@github.com:adobe/aepsdk-edge-ios.git"
  AEPEdgeConsent:
    :commit: aa1d067950f6857a29bfa6946571f9a820d6d189
    :git: "git@github.com:adobe/aepsdk-edgeconsent-ios.git"
  AEPIdentity:
    :commit: ee46ab5904b55578c978e3723f2d8b0d20f4961c
    :git: "git@github.com:adobe/aepsdk-core-ios.git"
  AEPLifecycle:
    :commit: ee46ab5904b55578c978e3723f2d8b0d20f4961c
    :git: "git@github.com:adobe/aepsdk-core-ios.git"
  AEPServices:
    :commit: ee46ab5904b55578c978e3723f2d8b0d20f4961c
    :git: "git@github.com:adobe/aepsdk-core-ios.git"
  AEPSignal:
    :commit: ee46ab5904b55578c978e3723f2d8b0d20f4961c
    :git: "git@github.com:adobe/aepsdk-core-ios.git"

SPEC CHECKSUMS:
  AEPAssurance: 694bc2bca10e15bd33542bb6ae4549abee46d85d
  AEPCore: 09d767b52f4614eb3f24c7789cf0f57015060230
  AEPEdge: ffea1ada1e81c9cb239aac694efa5c8635b50c1f
  AEPEdgeConsent: 54c1b6a30a3d646e3d4bc4bae1713755422b471e
  AEPEdgeIdentity: c2396b9119abd6eb530ea11efc58ec019b163bd4
  AEPIdentity: 45ee1c3717e08ff3ca60930caf4a869d60d7bf08
  AEPLifecycle: 59be1b5381d8ec4939ece43516ea7d2de4aaba65
  AEPRulesEngine: 458450a34922823286ead045a0c2bd8c27e224c6
  AEPServices: ca493988df250d84fda050124ff7549bcc43c65f
  AEPSignal: b2b332adf4d8a9af6a1b57f5dd8c2e1ea6d5c112
  SwiftLint: 13280e21cdda6786ad908dc6e416afe5acd1fcb7

PODFILE CHECKSUM: 630121bb6d25579e54157e2ee509a5cb7ec98a68

COCOAPODS: 1.11.3
